
Microsoft Visual Studio Solution File, Format Version 12.00
# Visual Studio Version 17
VisualStudioVersion = 17.11.35303.130
MinimumVisualStudioVersion = 10.0.40219.1
Project("{FAE04EC0-301F-11D3-BF4B-00C04F79EFBC}") = "практика №3 c#", "практика №3 c#\практика №3 c#.csproj", "{91E2656F-3587-49D1-AB89-3C8E7A10269D}"
EndProject
Global
	GlobalSection(SolutionConfigurationPlatforms) = preSolution
		Debug|Any CPU = Debug|Any CPU
		Release|Any CPU = Release|Any CPU
	EndGlobalSection
	GlobalSection(ProjectConfigurationPlatforms) = postSolution
		{91E2656F-3587-49D1-AB89-3C8E7A10269D}.Debug|Any CPU.ActiveCfg = Debug|Any CPU
		{91E2656F-3587-49D1-AB89-3C8E7A10269D}.Debug|Any CPU.Build.0 = Debug|Any CPU
		{91E2656F-3587-49D1-AB89-3C8E7A10269D}.Release|Any CPU.ActiveCfg = Release|Any CPU
		{91E2656F-3587-49D1-AB89-3C8E7A10269D}.Release|Any CPU.Build.0 = Release|Any CPU
	EndGlobalSection
	GlobalSection(SolutionProperties) = preSolution
		HideSolutionNode = FALSE
	EndGlobalSection
	GlobalSection(ExtensibilityGlobals) = postSolution
		SolutionGuid = {7F23F474-9B53-4454-BDA2-61C025B9217A}
	EndGlobalSection
EndGlobal
