
Microsoft Visual Studio Solution File, Format Version 12.00
# Visual Studio Version 17
VisualStudioVersion = 17.12.35707.178 d17.12
MinimumVisualStudioVersion = 10.0.40219.1
Project("{FAE04EC0-301F-11D3-BF4B-00C04F79EFBC}") = "Pattern Facade", "Pattern Facade.csproj", "{FCC6A9C0-CBE0-4205-A486-4069115D71A8}"
EndProject
Project("{FAE04EC0-301F-11D3-BF4B-00C04F79EFBC}") = "Pattern Facade 2", "..\Pattern Facade 2\Pattern Facade 2.csproj", "{17197AF9-6963-4EF2-9426-6BD96B8349C5}"
EndProject
Global
	GlobalSection(SolutionConfigurationPlatforms) = preSolution
		Debug|Any CPU = Debug|Any CPU
		Release|Any CPU = Release|Any CPU
	EndGlobalSection
	GlobalSection(ProjectConfigurationPlatforms) = postSolution
		{FCC6A9C0-CBE0-4205-A486-4069115D71A8}.Debug|Any CPU.ActiveCfg = Debug|Any CPU
		{FCC6A9C0-CBE0-4205-A486-4069115D71A8}.Debug|Any CPU.Build.0 = Debug|Any CPU
		{FCC6A9C0-CBE0-4205-A486-4069115D71A8}.Release|Any CPU.ActiveCfg = Release|Any CPU
		{FCC6A9C0-CBE0-4205-A486-4069115D71A8}.Release|Any CPU.Build.0 = Release|Any CPU
		{17197AF9-6963-4EF2-9426-6BD96B8349C5}.Debug|Any CPU.ActiveCfg = Debug|Any CPU
		{17197AF9-6963-4EF2-9426-6BD96B8349C5}.Debug|Any CPU.Build.0 = Debug|Any CPU
		{17197AF9-6963-4EF2-9426-6BD96B8349C5}.Release|Any CPU.ActiveCfg = Release|Any CPU
		{17197AF9-6963-4EF2-9426-6BD96B8349C5}.Release|Any CPU.Build.0 = Release|Any CPU
	EndGlobalSection
	GlobalSection(SolutionProperties) = preSolution
		HideSolutionNode = FALSE
	EndGlobalSection
EndGlobal
