
Microsoft Visual Studio Solution File, Format Version 12.00
# Visual Studio Version 17
VisualStudioVersion = 17.12.35707.178
MinimumVisualStudioVersion = 10.0.40219.1
Project("{FAE04EC0-301F-11D3-BF4B-00C04F79EFBC}") = "Pattern Command", "Pattern Command.csproj", "{78D6DBC9-DA39-494B-917C-E77E95FAD9F4}"
EndProject
Project("{FAE04EC0-301F-11D3-BF4B-00C04F79EFBC}") = "Pattern Command 2", "..\Pattern Command 2\Pattern Command 2.csproj", "{711601BE-CBA5-47FD-9711-8AD995EC68B4}"
EndProject
Project("{2150E333-8FDC-42A3-9474-1A3956D46DE8}") = "Элементы решения", "Элементы решения", "{4712F484-CA12-41F0-B243-7B34FB1D620C}"
EndProject
Global
	GlobalSection(SolutionConfigurationPlatforms) = preSolution
		Debug|Any CPU = Debug|Any CPU
		Release|Any CPU = Release|Any CPU
	EndGlobalSection
	GlobalSection(ProjectConfigurationPlatforms) = postSolution
		{78D6DBC9-DA39-494B-917C-E77E95FAD9F4}.Debug|Any CPU.ActiveCfg = Debug|Any CPU
		{78D6DBC9-DA39-494B-917C-E77E95FAD9F4}.Debug|Any CPU.Build.0 = Debug|Any CPU
		{78D6DBC9-DA39-494B-917C-E77E95FAD9F4}.Release|Any CPU.ActiveCfg = Release|Any CPU
		{78D6DBC9-DA39-494B-917C-E77E95FAD9F4}.Release|Any CPU.Build.0 = Release|Any CPU
		{711601BE-CBA5-47FD-9711-8AD995EC68B4}.Debug|Any CPU.ActiveCfg = Debug|Any CPU
		{711601BE-CBA5-47FD-9711-8AD995EC68B4}.Debug|Any CPU.Build.0 = Debug|Any CPU
		{711601BE-CBA5-47FD-9711-8AD995EC68B4}.Release|Any CPU.ActiveCfg = Release|Any CPU
		{711601BE-CBA5-47FD-9711-8AD995EC68B4}.Release|Any CPU.Build.0 = Release|Any CPU
	EndGlobalSection
	GlobalSection(SolutionProperties) = preSolution
		HideSolutionNode = FALSE
	EndGlobalSection
EndGlobal
